// !$*UTF8*$!
{
	archiveVersion = 1;
	classes = {
	};
	objectVersion = 51;
	objects = {

/* Begin PBXBuildFile section */
		8A81185B8D99262398550DA8 /* Pods_LoginDN.framework in Frameworks */ = {isa = PBXBuildFile; fileRef = 1479F4A7C2F30C835836CAE5 /* Pods_LoginDN.framework */; };
		8E080D26230221D400DE2F51 /* ResetPasswordViewController.swift in Sources */ = {isa = PBXBuildFile; fileRef = 8E080D25230221D400DE2F51 /* ResetPasswordViewController.swift */; };
		8E0D576A22FCE3FC00160B42 /* GenericStore.swift in Sources */ = {isa = PBXBuildFile; fileRef = 8E0D576922FCE3FC00160B42 /* GenericStore.swift */; };
		8E0D576D22FCE41800160B42 /* APIAuthStore.swift in Sources */ = {isa = PBXBuildFile; fileRef = 8E0D576C22FCE41800160B42 /* APIAuthStore.swift */; };
		8E0D576F22FCE42100160B42 /* StoreAuth.swift in Sources */ = {isa = PBXBuildFile; fileRef = 8E0D576E22FCE42100160B42 /* StoreAuth.swift */; };
		8E0D577422FCE71700160B42 /* User.swift in Sources */ = {isa = PBXBuildFile; fileRef = 8E0D577322FCE71700160B42 /* User.swift */; };
		8E0D577622FCE71D00160B42 /* AuthUser.swift in Sources */ = {isa = PBXBuildFile; fileRef = 8E0D577522FCE71D00160B42 /* AuthUser.swift */; };
		8E0D8C19230652F300E5DCE7 /* CellMusic.swift in Sources */ = {isa = PBXBuildFile; fileRef = 8E0D8C17230652F300E5DCE7 /* CellMusic.swift */; };
		8E0D8C1A230652F300E5DCE7 /* CellMusic.xib in Resources */ = {isa = PBXBuildFile; fileRef = 8E0D8C18230652F300E5DCE7 /* CellMusic.xib */; };
		8E0D8C1F2306588A00E5DCE7 /* MusicAPI.swift in Sources */ = {isa = PBXBuildFile; fileRef = 8E0D8C1E2306588A00E5DCE7 /* MusicAPI.swift */; };
		8E0D8C2123065DED00E5DCE7 /* ViewController.swift in Sources */ = {isa = PBXBuildFile; fileRef = 8E0D8C2023065DED00E5DCE7 /* ViewController.swift */; };
		8E0D8C23230664C700E5DCE7 /* MusicRequest.swift in Sources */ = {isa = PBXBuildFile; fileRef = 8E0D8C22230664C700E5DCE7 /* MusicRequest.swift */; };
		8E0F3D85230C311A00181D0B /* DetailsViewController.swift in Sources */ = {isa = PBXBuildFile; fileRef = 8E0F3D84230C311A00181D0B /* DetailsViewController.swift */; };
		8E0FBC2223076BA500E4D31B /* News.swift in Sources */ = {isa = PBXBuildFile; fileRef = 8E0FBC2123076BA500E4D31B /* News.swift */; };
		8E0FBC2523076D8A00E4D31B /* NewsCell.swift in Sources */ = {isa = PBXBuildFile; fileRef = 8E0FBC2323076D8A00E4D31B /* NewsCell.swift */; };
		8E0FBC2623076D8A00E4D31B /* NewsCell.xib in Resources */ = {isa = PBXBuildFile; fileRef = 8E0FBC2423076D8A00E4D31B /* NewsCell.xib */; };
		8E0FBC2823076FB700E4D31B /* NewsViewController.swift in Sources */ = {isa = PBXBuildFile; fileRef = 8E0FBC2723076FB700E4D31B /* NewsViewController.swift */; };
		8E0FBC2A2307713700E4D31B /* NewsAPI.swift in Sources */ = {isa = PBXBuildFile; fileRef = 8E0FBC292307713700E4D31B /* NewsAPI.swift */; };
		8E36EB0F22FB2CB80091E885 /* AppDelegate.swift in Sources */ = {isa = PBXBuildFile; fileRef = 8E36EB0E22FB2CB80091E885 /* AppDelegate.swift */; };
		8E36EB1122FB2CB80091E885 /* SignUpViewController.swift in Sources */ = {isa = PBXBuildFile; fileRef = 8E36EB1022FB2CB80091E885 /* SignUpViewController.swift */; };
		8E36EB1422FB2CB80091E885 /* Main.storyboard in Resources */ = {isa = PBXBuildFile; fileRef = 8E36EB1222FB2CB80091E885 /* Main.storyboard */; };
		8E36EB1622FB2CBA0091E885 /* Assets.xcassets in Resources */ = {isa = PBXBuildFile; fileRef = 8E36EB1522FB2CBA0091E885 /* Assets.xcassets */; };
		8E36EB1922FB2CBA0091E885 /* LaunchScreen.storyboard in Resources */ = {isa = PBXBuildFile; fileRef = 8E36EB1722FB2CBA0091E885 /* LaunchScreen.storyboard */; };
		8E36EB2122FB41AA0091E885 /* SignInViewController.swift in Sources */ = {isa = PBXBuildFile; fileRef = 8E36EB2022FB41AA0091E885 /* SignInViewController.swift */; };
		8E36EB2322FB41BC0091E885 /* SignOutViewController.swift in Sources */ = {isa = PBXBuildFile; fileRef = 8E36EB2222FB41BC0091E885 /* SignOutViewController.swift */; };
		8E36EB2522FB444B0091E885 /* GoogleService-Info.plist in Resources */ = {isa = PBXBuildFile; fileRef = 8E36EB2422FB444B0091E885 /* GoogleService-Info.plist */; };
		8E36EB2722FB4E860091E885 /* AlertController.swift in Sources */ = {isa = PBXBuildFile; fileRef = 8E36EB2622FB4E860091E885 /* AlertController.swift */; };
		8E51E403230CB96D009AA827 /* BaseViewController.swift in Sources */ = {isa = PBXBuildFile; fileRef = 8E51E402230CB96D009AA827 /* BaseViewController.swift */; };
		8E900D1D230600C1000A297A /* Music.swift in Sources */ = {isa = PBXBuildFile; fileRef = 8E900D1C230600C1000A297A /* Music.swift */; };
/* End PBXBuildFile section */

/* Begin PBXFileReference section */
		1479F4A7C2F30C835836CAE5 /* Pods_LoginDN.framework */ = {isa = PBXFileReference; explicitFileType = wrapper.framework; includeInIndex = 0; path = Pods_LoginDN.framework; sourceTree = BUILT_PRODUCTS_DIR; };
		2489B99BD65AB71038626C09 /* Pods-LoginDN.release.xcconfig */ = {isa = PBXFileReference; includeInIndex = 1; lastKnownFileType = text.xcconfig; name = "Pods-LoginDN.release.xcconfig"; path = "Target Support Files/Pods-LoginDN/Pods-LoginDN.release.xcconfig"; sourceTree = "<group>"; };
		71A5ACBA6487BF14DD986B62 /* Pods-LoginDN.debug.xcconfig */ = {isa = PBXFileReference; includeInIndex = 1; lastKnownFileType = text.xcconfig; name = "Pods-LoginDN.debug.xcconfig"; path = "Target Support Files/Pods-LoginDN/Pods-LoginDN.debug.xcconfig"; sourceTree = "<group>"; };
		8E080D25230221D400DE2F51 /* ResetPasswordViewController.swift */ = {isa = PBXFileReference; lastKnownFileType = sourcecode.swift; path = ResetPasswordViewController.swift; sourceTree = "<group>"; };
		8E0D576922FCE3FC00160B42 /* GenericStore.swift */ = {isa = PBXFileReference; lastKnownFileType = sourcecode.swift; path = GenericStore.swift; sourceTree = "<group>"; };
		8E0D576C22FCE41800160B42 /* APIAuthStore.swift */ = {isa = PBXFileReference; lastKnownFileType = sourcecode.swift; path = APIAuthStore.swift; sourceTree = "<group>"; };
		8E0D576E22FCE42100160B42 /* StoreAuth.swift */ = {isa = PBXFileReference; lastKnownFileType = sourcecode.swift; path = StoreAuth.swift; sourceTree = "<group>"; };
		8E0D577322FCE71700160B42 /* User.swift */ = {isa = PBXFileReference; lastKnownFileType = sourcecode.swift; path = User.swift; sourceTree = "<group>"; };
		8E0D577522FCE71D00160B42 /* AuthUser.swift */ = {isa = PBXFileReference; lastKnownFileType = sourcecode.swift; path = AuthUser.swift; sourceTree = "<group>"; };
		8E0D8C17230652F300E5DCE7 /* CellMusic.swift */ = {isa = PBXFileReference; lastKnownFileType = sourcecode.swift; path = CellMusic.swift; sourceTree = "<group>"; };
		8E0D8C18230652F300E5DCE7 /* CellMusic.xib */ = {isa = PBXFileReference; lastKnownFileType = file.xib; path = CellMusic.xib; sourceTree = "<group>"; };
		8E0D8C1E2306588A00E5DCE7 /* MusicAPI.swift */ = {isa = PBXFileReference; lastKnownFileType = sourcecode.swift; path = MusicAPI.swift; sourceTree = "<group>"; };
		8E0D8C2023065DED00E5DCE7 /* ViewController.swift */ = {isa = PBXFileReference; lastKnownFileType = sourcecode.swift; path = ViewController.swift; sourceTree = "<group>"; };
		8E0D8C22230664C700E5DCE7 /* MusicRequest.swift */ = {isa = PBXFileReference; lastKnownFileType = sourcecode.swift; path = MusicRequest.swift; sourceTree = "<group>"; };
		8E0F3D84230C311A00181D0B /* DetailsViewController.swift */ = {isa = PBXFileReference; lastKnownFileType = sourcecode.swift; path = DetailsViewController.swift; sourceTree = "<group>"; };
		8E0FBC2123076BA500E4D31B /* News.swift */ = {isa = PBXFileReference; lastKnownFileType = sourcecode.swift; path = News.swift; sourceTree = "<group>"; };
		8E0FBC2323076D8A00E4D31B /* NewsCell.swift */ = {isa = PBXFileReference; lastKnownFileType = sourcecode.swift; path = NewsCell.swift; sourceTree = "<group>"; };
		8E0FBC2423076D8A00E4D31B /* NewsCell.xib */ = {isa = PBXFileReference; lastKnownFileType = file.xib; path = NewsCell.xib; sourceTree = "<group>"; };
		8E0FBC2723076FB700E4D31B /* NewsViewController.swift */ = {isa = PBXFileReference; lastKnownFileType = sourcecode.swift; path = NewsViewController.swift; sourceTree = "<group>"; };
		8E0FBC292307713700E4D31B /* NewsAPI.swift */ = {isa = PBXFileReference; lastKnownFileType = sourcecode.swift; path = NewsAPI.swift; sourceTree = "<group>"; };
		8E36EB0B22FB2CB80091E885 /* LoginDN.app */ = {isa = PBXFileReference; explicitFileType = wrapper.application; includeInIndex = 0; path = LoginDN.app; sourceTree = BUILT_PRODUCTS_DIR; };
		8E36EB0E22FB2CB80091E885 /* AppDelegate.swift */ = {isa = PBXFileReference; lastKnownFileType = sourcecode.swift; path = AppDelegate.swift; sourceTree = "<group>"; };
		8E36EB1022FB2CB80091E885 /* SignUpViewController.swift */ = {isa = PBXFileReference; lastKnownFileType = sourcecode.swift; path = SignUpViewController.swift; sourceTree = "<group>"; };
		8E36EB1322FB2CB80091E885 /* Base */ = {isa = PBXFileReference; lastKnownFileType = file.storyboard; name = Base; path = Base.lproj/Main.storyboard; sourceTree = "<group>"; };
		8E36EB1522FB2CBA0091E885 /* Assets.xcassets */ = {isa = PBXFileReference; lastKnownFileType = folder.assetcatalog; path = Assets.xcassets; sourceTree = "<group>"; };
		8E36EB1822FB2CBA0091E885 /* Base */ = {isa = PBXFileReference; lastKnownFileType = file.storyboard; name = Base; path = Base.lproj/LaunchScreen.storyboard; sourceTree = "<group>"; };
		8E36EB1A22FB2CBA0091E885 /* Info.plist */ = {isa = PBXFileReference; lastKnownFileType = text.plist.xml; path = Info.plist; sourceTree = "<group>"; };
		8E36EB2022FB41AA0091E885 /* SignInViewController.swift */ = {isa = PBXFileReference; lastKnownFileType = sourcecode.swift; path = SignInViewController.swift; sourceTree = "<group>"; };
		8E36EB2222FB41BC0091E885 /* SignOutViewController.swift */ = {isa = PBXFileReference; lastKnownFileType = sourcecode.swift; path = SignOutViewController.swift; sourceTree = "<group>"; };
		8E36EB2422FB444B0091E885 /* GoogleService-Info.plist */ = {isa = PBXFileReference; fileEncoding = 4; lastKnownFileType = text.plist.xml; path = "GoogleService-Info.plist"; sourceTree = "<group>"; };
		8E36EB2622FB4E860091E885 /* AlertController.swift */ = {isa = PBXFileReference; lastKnownFileType = sourcecode.swift; path = AlertController.swift; sourceTree = "<group>"; };
		8E51E402230CB96D009AA827 /* BaseViewController.swift */ = {isa = PBXFileReference; lastKnownFileType = sourcecode.swift; path = BaseViewController.swift; sourceTree = "<group>"; };
		8E900D1C230600C1000A297A /* Music.swift */ = {isa = PBXFileReference; lastKnownFileType = sourcecode.swift; path = Music.swift; sourceTree = "<group>"; };
/* End PBXFileReference section */

/* Begin PBXFrameworksBuildPhase section */
		8E36EB0822FB2CB80091E885 /* Frameworks */ = {
			isa = PBXFrameworksBuildPhase;
			buildActionMask = 2147483647;
			files = (
				8A81185B8D99262398550DA8 /* Pods_LoginDN.framework in Frameworks */,
			);
			runOnlyForDeploymentPostprocessing = 0;
		};
/* End PBXFrameworksBuildPhase section */

/* Begin PBXGroup section */
		71472076B574DEB8FF60AE7E /* Pods */ = {
			isa = PBXGroup;
			children = (
				71A5ACBA6487BF14DD986B62 /* Pods-LoginDN.debug.xcconfig */,
				2489B99BD65AB71038626C09 /* Pods-LoginDN.release.xcconfig */,
			);
			path = Pods;
			sourceTree = "<group>";
		};
		8E0D576822FCE3D500160B42 /* Network */ = {
			isa = PBXGroup;
			children = (
				8E0D576B22FCE3FE00160B42 /* Auth */,
			);
			path = Network;
			sourceTree = "<group>";
		};
		8E0D576B22FCE3FE00160B42 /* Auth */ = {
			isa = PBXGroup;
			children = (
				8E0D576C22FCE41800160B42 /* APIAuthStore.swift */,
				8E0D576E22FCE42100160B42 /* StoreAuth.swift */,
			);
			path = Auth;
			sourceTree = "<group>";
		};
		8E0D577022FCE70600160B42 /* Model */ = {
			isa = PBXGroup;
			children = (
				8E0D576922FCE3FC00160B42 /* GenericStore.swift */,
				8E900D1C230600C1000A297A /* Music.swift */,
				8E0FBC2123076BA500E4D31B /* News.swift */,
				8E0D8C22230664C700E5DCE7 /* MusicRequest.swift */,
				8E0D577122FCE70C00160B42 /* User */,
			);
			path = Model;
			sourceTree = "<group>";
		};
		8E0D577122FCE70C00160B42 /* User */ = {
			isa = PBXGroup;
			children = (
				8E0D577322FCE71700160B42 /* User.swift */,
				8E0D577522FCE71D00160B42 /* AuthUser.swift */,
			);
			path = User;
			sourceTree = "<group>";
		};
		8E0D8C1B2306531800E5DCE7 /* Cell */ = {
			isa = PBXGroup;
			children = (
				8E0D8C17230652F300E5DCE7 /* CellMusic.swift */,
				8E0D8C18230652F300E5DCE7 /* CellMusic.xib */,
				8E0FBC2323076D8A00E4D31B /* NewsCell.swift */,
				8E0FBC2423076D8A00E4D31B /* NewsCell.xib */,
			);
			path = Cell;
			sourceTree = "<group>";
		};
		8E0D8C1C2306534B00E5DCE7 /* Resources */ = {
			isa = PBXGroup;
			children = (
				8E36EB1522FB2CBA0091E885 /* Assets.xcassets */,
				8E36EB1722FB2CBA0091E885 /* LaunchScreen.storyboard */,
			);
			path = Resources;
			sourceTree = "<group>";
		};
		8E0D8C1D2306586A00E5DCE7 /* Controller */ = {
			isa = PBXGroup;
			children = (
				8E0D8C1E2306588A00E5DCE7 /* MusicAPI.swift */,
				8E0FBC292307713700E4D31B /* NewsAPI.swift */,
			);
			path = Controller;
			sourceTree = "<group>";
		};
		8E36EB0222FB2CB80091E885 = {
			isa = PBXGroup;
			children = (
				8E36EB0D22FB2CB80091E885 /* LoginDN */,
				8E36EB0C22FB2CB80091E885 /* Products */,
				8E0D8C1C2306534B00E5DCE7 /* Resources */,
				71472076B574DEB8FF60AE7E /* Pods */,
				CE2907CFE1BD4A948C44A0A7 /* Frameworks */,
			);
			sourceTree = "<group>";
		};
		8E36EB0C22FB2CB80091E885 /* Products */ = {
			isa = PBXGroup;
			children = (
				8E36EB0B22FB2CB80091E885 /* LoginDN.app */,
			);
			name = Products;
			sourceTree = "<group>";
		};
		8E36EB0D22FB2CB80091E885 /* LoginDN */ = {
			isa = PBXGroup;
			children = (
				8E0D577022FCE70600160B42 /* Model */,
				8E0D8C1D2306586A00E5DCE7 /* Controller */,
				8E0D576822FCE3D500160B42 /* Network */,
				8E36EB0E22FB2CB80091E885 /* AppDelegate.swift */,
				8E51E402230CB96D009AA827 /* BaseViewController.swift */,
				8E36EB2022FB41AA0091E885 /* SignInViewController.swift */,
				8E36EB1022FB2CB80091E885 /* SignUpViewController.swift */,
				8E36EB2222FB41BC0091E885 /* SignOutViewController.swift */,
				8E080D25230221D400DE2F51 /* ResetPasswordViewController.swift */,
				8E36EB2622FB4E860091E885 /* AlertController.swift */,
				8E0D8C2023065DED00E5DCE7 /* ViewController.swift */,
				8E0FBC2723076FB700E4D31B /* NewsViewController.swift */,
				8E0F3D84230C311A00181D0B /* DetailsViewController.swift */,
				8E36EB1222FB2CB80091E885 /* Main.storyboard */,
				8E36EB1A22FB2CBA0091E885 /* Info.plist */,
				8E36EB2422FB444B0091E885 /* GoogleService-Info.plist */,
				8E0D8C1B2306531800E5DCE7 /* Cell */,
			);
			path = LoginDN;
			sourceTree = "<group>";
		};
		CE2907CFE1BD4A948C44A0A7 /* Frameworks */ = {
			isa = PBXGroup;
			children = (
				1479F4A7C2F30C835836CAE5 /* Pods_LoginDN.framework */,
			);
			name = Frameworks;
			sourceTree = "<group>";
		};
/* End PBXGroup section */

/* Begin PBXNativeTarget section */
		8E36EB0A22FB2CB80091E885 /* LoginDN */ = {
			isa = PBXNativeTarget;
			buildConfigurationList = 8E36EB1D22FB2CBA0091E885 /* Build configuration list for PBXNativeTarget "LoginDN" */;
			buildPhases = (
				008480FA8FDCDA5F8702C68F /* [CP] Check Pods Manifest.lock */,
				8E36EB0722FB2CB80091E885 /* Sources */,
				8E36EB0822FB2CB80091E885 /* Frameworks */,
				8E36EB0922FB2CB80091E885 /* Resources */,
				654653AB795635CB2C3163F6 /* [CP] Embed Pods Frameworks */,
			);
			buildRules = (
			);
			dependencies = (
			);
			name = LoginDN;
			productName = LoginDN;
			productReference = 8E36EB0B22FB2CB80091E885 /* LoginDN.app */;
			productType = "com.apple.product-type.application";
		};
/* End PBXNativeTarget section */

/* Begin PBXProject section */
		8E36EB0322FB2CB80091E885 /* Project object */ = {
			isa = PBXProject;
			attributes = {
				LastSwiftUpdateCheck = 1030;
				LastUpgradeCheck = 1030;
				ORGANIZATIONNAME = "Mac Pro";
				TargetAttributes = {
					8E36EB0A22FB2CB80091E885 = {
						CreatedOnToolsVersion = 10.3;
					};
				};
			};
			buildConfigurationList = 8E36EB0622FB2CB80091E885 /* Build configuration list for PBXProject "LoginDN" */;
			compatibilityVersion = "Xcode 9.3";
			developmentRegion = en;
			hasScannedForEncodings = 0;
			knownRegions = (
				en,
				Base,
			);
			mainGroup = 8E36EB0222FB2CB80091E885;
			productRefGroup = 8E36EB0C22FB2CB80091E885 /* Products */;
			projectDirPath = "";
			projectRoot = "";
			targets = (
				8E36EB0A22FB2CB80091E885 /* LoginDN */,
			);
		};
/* End PBXProject section */

/* Begin PBXResourcesBuildPhase section */
		8E36EB0922FB2CB80091E885 /* Resources */ = {
			isa = PBXResourcesBuildPhase;
			buildActionMask = 2147483647;
			files = (
				8E0D8C1A230652F300E5DCE7 /* CellMusic.xib in Resources */,
				8E36EB1922FB2CBA0091E885 /* LaunchScreen.storyboard in Resources */,
				8E36EB2522FB444B0091E885 /* GoogleService-Info.plist in Resources */,
				8E36EB1622FB2CBA0091E885 /* Assets.xcassets in Resources */,
				8E36EB1422FB2CB80091E885 /* Main.storyboard in Resources */,
				8E0FBC2623076D8A00E4D31B /* NewsCell.xib in Resources */,
			);
			runOnlyForDeploymentPostprocessing = 0;
		};
/* End PBXResourcesBuildPhase section */

/* Begin PBXShellScriptBuildPhase section */
		008480FA8FDCDA5F8702C68F /* [CP] Check Pods Manifest.lock */ = {
			isa = PBXShellScriptBuildPhase;
			buildActionMask = 2147483647;
			files = (
			);
			inputFileListPaths = (
			);
			inputPaths = (
				"${PODS_PODFILE_DIR_PATH}/Podfile.lock",
				"${PODS_ROOT}/Manifest.lock",
			);
			name = "[CP] Check Pods Manifest.lock";
			outputFileListPaths = (
			);
			outputPaths = (
				"$(DERIVED_FILE_DIR)/Pods-LoginDN-checkManifestLockResult.txt",
			);
			runOnlyForDeploymentPostprocessing = 0;
			shellPath = /bin/sh;
			shellScript = "diff \"${PODS_PODFILE_DIR_PATH}/Podfile.lock\" \"${PODS_ROOT}/Manifest.lock\" > /dev/null\nif [ $? != 0 ] ; then\n    # print error to STDERR\n    echo \"error: The sandbox is not in sync with the Podfile.lock. Run 'pod install' or update your CocoaPods installation.\" >&2\n    exit 1\nfi\n# This output is used by Xcode 'outputs' to avoid re-running this script phase.\necho \"SUCCESS\" > \"${SCRIPT_OUTPUT_FILE_0}\"\n";
			showEnvVarsInLog = 0;
		};
		654653AB795635CB2C3163F6 /* [CP] Embed Pods Frameworks */ = {
			isa = PBXShellScriptBuildPhase;
			buildActionMask = 2147483647;
			files = (
			);
			inputFileListPaths = (
				"${PODS_ROOT}/Target Support Files/Pods-LoginDN/Pods-LoginDN-frameworks-${CONFIGURATION}-input-files.xcfilelist",
			);
			name = "[CP] Embed Pods Frameworks";
			outputFileListPaths = (
				"${PODS_ROOT}/Target Support Files/Pods-LoginDN/Pods-LoginDN-frameworks-${CONFIGURATION}-output-files.xcfilelist",
			);
			runOnlyForDeploymentPostprocessing = 0;
			shellPath = /bin/sh;
			shellScript = "\"${PODS_ROOT}/Target Support Files/Pods-LoginDN/Pods-LoginDN-frameworks.sh\"\n";
			showEnvVarsInLog = 0;
		};
/* End PBXShellScriptBuildPhase section */

/* Begin PBXSourcesBuildPhase section */
		8E36EB0722FB2CB80091E885 /* Sources */ = {
			isa = PBXSourcesBuildPhase;
			buildActionMask = 2147483647;
			files = (
				8E36EB1122FB2CB80091E885 /* SignUpViewController.swift in Sources */,
				8E0D576F22FCE42100160B42 /* StoreAuth.swift in Sources */,
				8E36EB2722FB4E860091E885 /* AlertController.swift in Sources */,
				8E0F3D85230C311A00181D0B /* DetailsViewController.swift in Sources */,
				8E0FBC2823076FB700E4D31B /* NewsViewController.swift in Sources */,
				8E51E403230CB96D009AA827 /* BaseViewController.swift in Sources */,
				8E080D26230221D400DE2F51 /* ResetPasswordViewController.swift in Sources */,
				8E0FBC2A2307713700E4D31B /* NewsAPI.swift in Sources */,
				8E0D8C19230652F300E5DCE7 /* CellMusic.swift in Sources */,
				8E36EB0F22FB2CB80091E885 /* AppDelegate.swift in Sources */,
				8E36EB2322FB41BC0091E885 /* SignOutViewController.swift in Sources */,
				8E0FBC2523076D8A00E4D31B /* NewsCell.swift in Sources */,
				8E0D577422FCE71700160B42 /* User.swift in Sources */,
				8E36EB2122FB41AA0091E885 /* SignInViewController.swift in Sources */,
				8E0D576A22FCE3FC00160B42 /* GenericStore.swift in Sources */,
				8E0D577622FCE71D00160B42 /* AuthUser.swift in Sources */,
				8E0FBC2223076BA500E4D31B /* News.swift in Sources */,
				8E0D8C1F2306588A00E5DCE7 /* MusicAPI.swift in Sources */,
				8E0D576D22FCE41800160B42 /* APIAuthStore.swift in Sources */,
				8E0D8C2123065DED00E5DCE7 /* ViewController.swift in Sources */,
				8E900D1D230600C1000A297A /* Music.swift in Sources */,
				8E0D8C23230664C700E5DCE7 /* MusicRequest.swift in Sources */,
			);
			runOnlyForDeploymentPostprocessing = 0;
		};
/* End PBXSourcesBuildPhase section */

/* Begin PBXVariantGroup section */
		8E36EB1222FB2CB80091E885 /* Main.storyboard */ = {
			isa = PBXVariantGroup;
			children = (
				8E36EB1322FB2CB80091E885 /* Base */,
			);
			name = Main.storyboard;
			sourceTree = "<group>";
		};
		8E36EB1722FB2CBA0091E885 /* LaunchScreen.storyboard */ = {
			isa = PBXVariantGroup;
			children = (
				8E36EB1822FB2CBA0091E885 /* Base */,
			);
			name = LaunchScreen.storyboard;
			sourceTree = "<group>";
		};
/* End PBXVariantGroup section */

/* Begin XCBuildConfiguration section */
		8E36EB1B22FB2CBA0091E885 /* Debug */ = {
			isa = XCBuildConfiguration;
			buildSettings = {
				ALWAYS_SEARCH_USER_PATHS = NO;
				CLANG_ANALYZER_NONNULL = YES;
				CLANG_ANALYZER_NUMBER_OBJECT_CONVERSION = YES_AGGRESSIVE;
				CLANG_CXX_LANGUAGE_STANDARD = "gnu++14";
				CLANG_CXX_LIBRARY = "libc++";
				CLANG_ENABLE_MODULES = YES;
				CLANG_ENABLE_OBJC_ARC = YES;
				CLANG_ENABLE_OBJC_WEAK = YES;
				CLANG_WARN_BLOCK_CAPTURE_AUTORELEASING = YES;
				CLANG_WARN_BOOL_CONVERSION = YES;
				CLANG_WARN_COMMA = YES;
				CLANG_WARN_CONSTANT_CONVERSION = YES;
				CLANG_WARN_DEPRECATED_OBJC_IMPLEMENTATIONS = YES;
				CLANG_WARN_DIRECT_OBJC_ISA_USAGE = YES_ERROR;
				CLANG_WARN_DOCUMENTATION_COMMENTS = YES;
				CLANG_WARN_EMPTY_BODY = YES;
				CLANG_WARN_ENUM_CONVERSION = YES;
				CLANG_WARN_INFINITE_RECURSION = YES;
				CLANG_WARN_INT_CONVERSION = YES;
				CLANG_WARN_NON_LITERAL_NULL_CONVERSION = YES;
				CLANG_WARN_OBJC_IMPLICIT_RETAIN_SELF = YES;
				CLANG_WARN_OBJC_LITERAL_CONVERSION = YES;
				CLANG_WARN_OBJC_ROOT_CLASS = YES_ERROR;
				CLANG_WARN_RANGE_LOOP_ANALYSIS = YES;
				CLANG_WARN_STRICT_PROTOTYPES = YES;
				CLANG_WARN_SUSPICIOUS_MOVE = YES;
				CLANG_WARN_UNGUARDED_AVAILABILITY = YES_AGGRESSIVE;
				CLANG_WARN_UNREACHABLE_CODE = YES;
				CLANG_WARN__DUPLICATE_METHOD_MATCH = YES;
				CODE_SIGN_IDENTITY = "iPhone Developer";
				COPY_PHASE_STRIP = NO;
				DEBUG_INFORMATION_FORMAT = dwarf;
				ENABLE_STRICT_OBJC_MSGSEND = YES;
				ENABLE_TESTABILITY = YES;
				GCC_C_LANGUAGE_STANDARD = gnu11;
				GCC_DYNAMIC_NO_PIC = NO;
				GCC_NO_COMMON_BLOCKS = YES;
				GCC_OPTIMIZATION_LEVEL = 0;
				GCC_PREPROCESSOR_DEFINITIONS = (
					"DEBUG=1",
					"$(inherited)",
				);
				GCC_WARN_64_TO_32_BIT_CONVERSION = YES;
				GCC_WARN_ABOUT_RETURN_TYPE = YES_ERROR;
				GCC_WARN_UNDECLARED_SELECTOR = YES;
				GCC_WARN_UNINITIALIZED_AUTOS = YES_AGGRESSIVE;
				GCC_WARN_UNUSED_FUNCTION = YES;
				GCC_WARN_UNUSED_VARIABLE = YES;
				IPHONEOS_DEPLOYMENT_TARGET = 12.4;
				MTL_ENABLE_DEBUG_INFO = INCLUDE_SOURCE;
				MTL_FAST_MATH = YES;
				ONLY_ACTIVE_ARCH = YES;
				SDKROOT = iphoneos;
				SWIFT_ACTIVE_COMPILATION_CONDITIONS = DEBUG;
				SWIFT_OPTIMIZATION_LEVEL = "-Onone";
			};
			name = Debug;
		};
		8E36EB1C22FB2CBA0091E885 /* Release */ = {
			isa = XCBuildConfiguration;
			buildSettings = {
				ALWAYS_SEARCH_USER_PATHS = NO;
				CLANG_ANALYZER_NONNULL = YES;
				CLANG_ANALYZER_NUMBER_OBJECT_CONVERSION = YES_AGGRESSIVE;
				CLANG_CXX_LANGUAGE_STANDARD = "gnu++14";
				CLANG_CXX_LIBRARY = "libc++";
				CLANG_ENABLE_MODULES = YES;
				CLANG_ENABLE_OBJC_ARC = YES;
				CLANG_ENABLE_OBJC_WEAK = YES;
				CLANG_WARN_BLOCK_CAPTURE_AUTORELEASING = YES;
				CLANG_WARN_BOOL_CONVERSION = YES;
				CLANG_WARN_COMMA = YES;
				CLANG_WARN_CONSTANT_CONVERSION = YES;
				CLANG_WARN_DEPRECATED_OBJC_IMPLEMENTATIONS = YES;
				CLANG_WARN_DIRECT_OBJC_ISA_USAGE = YES_ERROR;
				CLANG_WARN_DOCUMENTATION_COMMENTS = YES;
				CLANG_WARN_EMPTY_BODY = YES;
				CLANG_WARN_ENUM_CONVERSION = YES;
				CLANG_WARN_INFINITE_RECURSION = YES;
				CLANG_WARN_INT_CONVERSION = YES;
				CLANG_WARN_NON_LITERAL_NULL_CONVERSION = YES;
				CLANG_WARN_OBJC_IMPLICIT_RETAIN_SELF = YES;
				CLANG_WARN_OBJC_LITERAL_CONVERSION = YES;
				CLANG_WARN_OBJC_ROOT_CLASS = YES_ERROR;
				CLANG_WARN_RANGE_LOOP_ANALYSIS = YES;
				CLANG_WARN_STRICT_PROTOTYPES = YES;
				CLANG_WARN_SUSPICIOUS_MOVE = YES;
				CLANG_WARN_UNGUARDED_AVAILABILITY = YES_AGGRESSIVE;
				CLANG_WARN_UNREACHABLE_CODE = YES;
				CLANG_WARN__DUPLICATE_METHOD_MATCH = YES;
				CODE_SIGN_IDENTITY = "iPhone Developer";
				COPY_PHASE_STRIP = NO;
				DEBUG_INFORMATION_FORMAT = "dwarf-with-dsym";
				ENABLE_NS_ASSERTIONS = NO;
				ENABLE_STRICT_OBJC_MSGSEND = YES;
				GCC_C_LANGUAGE_STANDARD = gnu11;
				GCC_NO_COMMON_BLOCKS = YES;
				GCC_WARN_64_TO_32_BIT_CONVERSION = YES;
				GCC_WARN_ABOUT_RETURN_TYPE = YES_ERROR;
				GCC_WARN_UNDECLARED_SELECTOR = YES;
				GCC_WARN_UNINITIALIZED_AUTOS = YES_AGGRESSIVE;
				GCC_WARN_UNUSED_FUNCTION = YES;
				GCC_WARN_UNUSED_VARIABLE = YES;
				IPHONEOS_DEPLOYMENT_TARGET = 12.4;
				MTL_ENABLE_DEBUG_INFO = NO;
				MTL_FAST_MATH = YES;
				SDKROOT = iphoneos;
				SWIFT_COMPILATION_MODE = wholemodule;
				SWIFT_OPTIMIZATION_LEVEL = "-O";
				VALIDATE_PRODUCT = YES;
			};
			name = Release;
		};
		8E36EB1E22FB2CBA0091E885 /* Debug */ = {
			isa = XCBuildConfiguration;
			baseConfigurationReference = 71A5ACBA6487BF14DD986B62 /* Pods-LoginDN.debug.xcconfig */;
			buildSettings = {
				ASSETCATALOG_COMPILER_APPICON_NAME = AppIcon;
				CODE_SIGN_STYLE = Automatic;
				DEVELOPMENT_TEAM = KY9HVGKNG7;
				INFOPLIST_FILE = LoginDN/Info.plist;
				LD_RUNPATH_SEARCH_PATHS = (
					"$(inherited)",
					"@executable_path/Frameworks",
				);
				PRODUCT_BUNDLE_IDENTIFIER = com.euclides.LoginDN;
				PRODUCT_NAME = "$(TARGET_NAME)";
				SWIFT_VERSION = 5.0;
				TARGETED_DEVICE_FAMILY = "1,2";
			};
			name = Debug;
		};
		8E36EB1F22FB2CBA0091E885 /* Release */ = {
			isa = XCBuildConfiguration;
			baseConfigurationReference = 2489B99BD65AB71038626C09 /* Pods-LoginDN.release.xcconfig */;
			buildSettings = {
				ASSETCATALOG_COMPILER_APPICON_NAME = AppIcon;
				CODE_SIGN_STYLE = Automatic;
				DEVELOPMENT_TEAM = KY9HVGKNG7;
				INFOPLIST_FILE = LoginDN/Info.plist;
				LD_RUNPATH_SEARCH_PATHS = (
					"$(inherited)",
					"@executable_path/Frameworks",
				);
				PRODUCT_BUNDLE_IDENTIFIER = com.euclides.LoginDN;
				PRODUCT_NAME = "$(TARGET_NAME)";
				SWIFT_VERSION = 5.0;
				TARGETED_DEVICE_FAMILY = "1,2";
			};
			name = Release;
		};
/* End XCBuildConfiguration section */

/* Begin XCConfigurationList section */
		8E36EB0622FB2CB80091E885 /* Build configuration list for PBXProject "LoginDN" */ = {
			isa = XCConfigurationList;
			buildConfigurations = (
				8E36EB1B22FB2CBA0091E885 /* Debug */,
				8E36EB1C22FB2CBA0091E885 /* Release */,
			);
			defaultConfigurationIsVisible = 0;
			defaultConfigurationName = Release;
		};
		8E36EB1D22FB2CBA0091E885 /* Build configuration list for PBXNativeTarget "LoginDN" */ = {
			isa = XCConfigurationList;
			buildConfigurations = (
				8E36EB1E22FB2CBA0091E885 /* Debug */,
				8E36EB1F22FB2CBA0091E885 /* Release */,
			);
			defaultConfigurationIsVisible = 0;
			defaultConfigurationName = Release;
		};
/* End XCConfigurationList section */
	};
	rootObject = 8E36EB0322FB2CB80091E885 /* Project object */;
}
